
Microsoft Visual Studio Solution File, Format Version 12.00
# Visual Studio Version 16
VisualStudioVersion = 16.0.30011.22
MinimumVisualStudioVersion = 10.0.40219.1
Project("{FAE04EC0-301F-11D3-BF4B-00C04F79EFBC}") = "TestApp", "TestApp.csproj", "{A67A4BCB-1D33-4EA4-BF7A-CA35BE5B94B7}"
EndProject
Global
	GlobalSection(SolutionConfigurationPlatforms) = preSolution
		Debug|iPhone = Debug|iPhone
		Debug|iPhoneSimulator = Debug|iPhoneSimulator
		Release|iPhone = Release|iPhone
		Release|iPhoneSimulator = Release|iPhoneSimulator
	EndGlobalSection
	GlobalSection(ProjectConfigurationPlatforms) = postSolution
		{A67A4BCB-1D33-4EA4-BF7A-CA35BE5B94B7}.Debug|iPhone.ActiveCfg = Debug|iPhone
		{A67A4BCB-1D33-4EA4-BF7A-CA35BE5B94B7}.Debug|iPhone.Build.0 = Debug|iPhone
		{A67A4BCB-1D33-4EA4-BF7A-CA35BE5B94B7}.Debug|iPhone.Deploy.0 = Debug|iPhone
		{A67A4BCB-1D33-4EA4-BF7A-CA35BE5B94B7}.Debug|iPhoneSimulator.ActiveCfg = Debug|iPhoneSimulator
		{A67A4BCB-1D33-4EA4-BF7A-CA35BE5B94B7}.Debug|iPhoneSimulator.Build.0 = Debug|iPhoneSimulator
		{A67A4BCB-1D33-4EA4-BF7A-CA35BE5B94B7}.Debug|iPhoneSimulator.Deploy.0 = Debug|iPhoneSimulator
		{A67A4BCB-1D33-4EA4-BF7A-CA35BE5B94B7}.Release|iPhone.ActiveCfg = Release|iPhone
		{A67A4BCB-1D33-4EA4-BF7A-CA35BE5B94B7}.Release|iPhone.Build.0 = Release|iPhone
		{A67A4BCB-1D33-4EA4-BF7A-CA35BE5B94B7}.Release|iPhone.Deploy.0 = Release|iPhone
		{A67A4BCB-1D33-4EA4-BF7A-CA35BE5B94B7}.Release|iPhoneSimulator.ActiveCfg = Release|iPhoneSimulator
		{A67A4BCB-1D33-4EA4-BF7A-CA35BE5B94B7}.Release|iPhoneSimulator.Build.0 = Release|iPhoneSimulator
		{A67A4BCB-1D33-4EA4-BF7A-CA35BE5B94B7}.Release|iPhoneSimulator.Deploy.0 = Release|iPhoneSimulator
	EndGlobalSection
	GlobalSection(SolutionProperties) = preSolution
		HideSolutionNode = FALSE
	EndGlobalSection
	GlobalSection(ExtensibilityGlobals) = postSolution
		SolutionGuid = {E67E242F-86A6-48FA-8697-EEE55479A2A2}
	EndGlobalSection
EndGlobal
